
Microsoft Visual Studio Solution File, Format Version 12.00
# Visual Studio 15
VisualStudioVersion = 15.0.28010.2016
MinimumVisualStudioVersion = 10.0.40219.1
Project("{2150E333-8FDC-42A3-9474-1A3956D46DE8}") = "UI", "UI", "{7F0A8EF2-FBF6-479E-82DA-29594B6DE6F9}"
EndProject
Project("{2150E333-8FDC-42A3-9474-1A3956D46DE8}") = "BLL", "BLL", "{5873D7D0-0D94-4AF0-826E-20DEED5B7010}"
EndProject
Project("{2150E333-8FDC-42A3-9474-1A3956D46DE8}") = "Common", "Common", "{3BE4F039-8290-4BF8-963A-20B8D7EF01A3}"
EndProject
Project("{2150E333-8FDC-42A3-9474-1A3956D46DE8}") = "DAL", "DAL", "{D55C58FB-DCE7-4C88-B120-AA229E727499}"
EndProject
Project("{2150E333-8FDC-42A3-9474-1A3956D46DE8}") = "Tests", "Tests", "{962E47E7-9059-4B73-B937-362EF7E79D42}"
EndProject
Project("{2150E333-8FDC-42A3-9474-1A3956D46DE8}") = "EmployeeProvider", "EmployeeProvider", "{2027E7F2-5234-4CDC-86F8-803562465805}"
EndProject
Project("{FAE04EC0-301F-11D3-BF4B-00C04F79EFBC}") = "EmployeeManagement_Interfaces", "EmployeeManagement_Interfaces\EmployeeManagement_Interfaces.csproj", "{6FE0E62D-3E1D-4196-B866-3C4B357DF7F5}"
EndProject
Project("{FAE04EC0-301F-11D3-BF4B-00C04F79EFBC}") = "EmployeeManagement_Models", "EmployeeManagement_Models\EmployeeManagement_Models.csproj", "{B4D9EF12-6CBC-4232-8723-5882D2D12A72}"
EndProject
Project("{2150E333-8FDC-42A3-9474-1A3956D46DE8}") = "DepartmentProvider", "DepartmentProvider", "{0C9F89A4-8469-472F-A32E-B82DD4C0C1CB}"
EndProject
Project("{2150E333-8FDC-42A3-9474-1A3956D46DE8}") = "GenderProvider", "GenderProvider", "{5141CFFC-BB12-485D-A300-A57A8A72C1D1}"
EndProject
Project("{FAE04EC0-301F-11D3-BF4B-00C04F79EFBC}") = "Gender-SQLServer", "Gender-SQLServer\Gender-SQLServer.csproj", "{BA7229B8-9D48-4C5A-A22F-C5D0B1D097D1}"
EndProject
Project("{FAE04EC0-301F-11D3-BF4B-00C04F79EFBC}") = "GenderMemoryProvider", "Gender-InMemory\GenderMemoryProvider.csproj", "{6DDBCD87-471C-4ABF-BBAA-082DC67950C1}"
EndProject
Project("{FAE04EC0-301F-11D3-BF4B-00C04F79EFBC}") = "Employee-SQLServer", "Employee-SQL\Employee-SQLServer.csproj", "{2C587DCF-1EA9-44B7-B408-FFFDE40A86A1}"
EndProject
Project("{FAE04EC0-301F-11D3-BF4B-00C04F79EFBC}") = "Department-SQLServer", "Department-SQLServer\Department-SQLServer.csproj", "{C8CF3436-8157-4EE3-9BDC-4FF74685F010}"
EndProject
Project("{FAE04EC0-301F-11D3-BF4B-00C04F79EFBC}") = "DepartmentMemoryProvider", "Department-InMemory\DepartmentMemoryProvider.csproj", "{0BCD2220-12FC-4166-9C91-CCE21044038F}"
EndProject
Project("{FAE04EC0-301F-11D3-BF4B-00C04F79EFBC}") = "EmployeeManagementBLL", "EmployeeBLL\EmployeeManagementBLL.csproj", "{FEDFE0CC-ED94-42B0-91CE-B212D669EBAD}"
EndProject
Project("{FAE04EC0-301F-11D3-BF4B-00C04F79EFBC}") = "EmployeeManagement_DAL_Test", "EmployeeManagement_DAL_Test\EmployeeManagement_DAL_Test.csproj", "{5C856B31-2F71-4F86-ADEB-EEFBEE5FCF80}"
EndProject
Project("{FAE04EC0-301F-11D3-BF4B-00C04F79EFBC}") = "EmployeeManagement-WPF", "EmployeeManagement-WPF\EmployeeManagement-WPF.csproj", "{750C19AB-A3AE-4C4D-A001-643F14E5EC7D}"
EndProject
Project("{FAE04EC0-301F-11D3-BF4B-00C04F79EFBC}") = "EmployeeMemoryProvider", "EmployeeMemoryProvider\EmployeeMemoryProvider.csproj", "{9785F555-6AB9-446C-985A-C33D65526EDF}"
EndProject
Global
	GlobalSection(SolutionConfigurationPlatforms) = preSolution
		Debug|Any CPU = Debug|Any CPU
		Release|Any CPU = Release|Any CPU
	EndGlobalSection
	GlobalSection(ProjectConfigurationPlatforms) = postSolution
		{6FE0E62D-3E1D-4196-B866-3C4B357DF7F5}.Debug|Any CPU.ActiveCfg = Debug|Any CPU
		{6FE0E62D-3E1D-4196-B866-3C4B357DF7F5}.Debug|Any CPU.Build.0 = Debug|Any CPU
		{6FE0E62D-3E1D-4196-B866-3C4B357DF7F5}.Release|Any CPU.ActiveCfg = Release|Any CPU
		{6FE0E62D-3E1D-4196-B866-3C4B357DF7F5}.Release|Any CPU.Build.0 = Release|Any CPU
		{B4D9EF12-6CBC-4232-8723-5882D2D12A72}.Debug|Any CPU.ActiveCfg = Debug|Any CPU
		{B4D9EF12-6CBC-4232-8723-5882D2D12A72}.Debug|Any CPU.Build.0 = Debug|Any CPU
		{B4D9EF12-6CBC-4232-8723-5882D2D12A72}.Release|Any CPU.ActiveCfg = Release|Any CPU
		{B4D9EF12-6CBC-4232-8723-5882D2D12A72}.Release|Any CPU.Build.0 = Release|Any CPU
		{BA7229B8-9D48-4C5A-A22F-C5D0B1D097D1}.Debug|Any CPU.ActiveCfg = Debug|Any CPU
		{BA7229B8-9D48-4C5A-A22F-C5D0B1D097D1}.Debug|Any CPU.Build.0 = Debug|Any CPU
		{BA7229B8-9D48-4C5A-A22F-C5D0B1D097D1}.Release|Any CPU.ActiveCfg = Release|Any CPU
		{BA7229B8-9D48-4C5A-A22F-C5D0B1D097D1}.Release|Any CPU.Build.0 = Release|Any CPU
		{6DDBCD87-471C-4ABF-BBAA-082DC67950C1}.Debug|Any CPU.ActiveCfg = Debug|Any CPU
		{6DDBCD87-471C-4ABF-BBAA-082DC67950C1}.Debug|Any CPU.Build.0 = Debug|Any CPU
		{6DDBCD87-471C-4ABF-BBAA-082DC67950C1}.Release|Any CPU.ActiveCfg = Release|Any CPU
		{6DDBCD87-471C-4ABF-BBAA-082DC67950C1}.Release|Any CPU.Build.0 = Release|Any CPU
		{2C587DCF-1EA9-44B7-B408-FFFDE40A86A1}.Debug|Any CPU.ActiveCfg = Debug|Any CPU
		{2C587DCF-1EA9-44B7-B408-FFFDE40A86A1}.Debug|Any CPU.Build.0 = Debug|Any CPU
		{2C587DCF-1EA9-44B7-B408-FFFDE40A86A1}.Release|Any CPU.ActiveCfg = Release|Any CPU
		{2C587DCF-1EA9-44B7-B408-FFFDE40A86A1}.Release|Any CPU.Build.0 = Release|Any CPU
		{C8CF3436-8157-4EE3-9BDC-4FF74685F010}.Debug|Any CPU.ActiveCfg = Debug|Any CPU
		{C8CF3436-8157-4EE3-9BDC-4FF74685F010}.Debug|Any CPU.Build.0 = Debug|Any CPU
		{C8CF3436-8157-4EE3-9BDC-4FF74685F010}.Release|Any CPU.ActiveCfg = Release|Any CPU
		{C8CF3436-8157-4EE3-9BDC-4FF74685F010}.Release|Any CPU.Build.0 = Release|Any CPU
		{0BCD2220-12FC-4166-9C91-CCE21044038F}.Debug|Any CPU.ActiveCfg = Debug|Any CPU
		{0BCD2220-12FC-4166-9C91-CCE21044038F}.Debug|Any CPU.Build.0 = Debug|Any CPU
		{0BCD2220-12FC-4166-9C91-CCE21044038F}.Release|Any CPU.ActiveCfg = Release|Any CPU
		{0BCD2220-12FC-4166-9C91-CCE21044038F}.Release|Any CPU.Build.0 = Release|Any CPU
		{FEDFE0CC-ED94-42B0-91CE-B212D669EBAD}.Debug|Any CPU.ActiveCfg = Debug|Any CPU
		{FEDFE0CC-ED94-42B0-91CE-B212D669EBAD}.Debug|Any CPU.Build.0 = Debug|Any CPU
		{FEDFE0CC-ED94-42B0-91CE-B212D669EBAD}.Release|Any CPU.ActiveCfg = Release|Any CPU
		{FEDFE0CC-ED94-42B0-91CE-B212D669EBAD}.Release|Any CPU.Build.0 = Release|Any CPU
		{5C856B31-2F71-4F86-ADEB-EEFBEE5FCF80}.Debug|Any CPU.ActiveCfg = Debug|Any CPU
		{5C856B31-2F71-4F86-ADEB-EEFBEE5FCF80}.Debug|Any CPU.Build.0 = Debug|Any CPU
		{5C856B31-2F71-4F86-ADEB-EEFBEE5FCF80}.Release|Any CPU.ActiveCfg = Release|Any CPU
		{5C856B31-2F71-4F86-ADEB-EEFBEE5FCF80}.Release|Any CPU.Build.0 = Release|Any CPU
		{750C19AB-A3AE-4C4D-A001-643F14E5EC7D}.Debug|Any CPU.ActiveCfg = Debug|Any CPU
		{750C19AB-A3AE-4C4D-A001-643F14E5EC7D}.Debug|Any CPU.Build.0 = Debug|Any CPU
		{750C19AB-A3AE-4C4D-A001-643F14E5EC7D}.Release|Any CPU.ActiveCfg = Release|Any CPU
		{750C19AB-A3AE-4C4D-A001-643F14E5EC7D}.Release|Any CPU.Build.0 = Release|Any CPU
		{9785F555-6AB9-446C-985A-C33D65526EDF}.Debug|Any CPU.ActiveCfg = Debug|Any CPU
		{9785F555-6AB9-446C-985A-C33D65526EDF}.Debug|Any CPU.Build.0 = Debug|Any CPU
		{9785F555-6AB9-446C-985A-C33D65526EDF}.Release|Any CPU.ActiveCfg = Release|Any CPU
		{9785F555-6AB9-446C-985A-C33D65526EDF}.Release|Any CPU.Build.0 = Release|Any CPU
	EndGlobalSection
	GlobalSection(SolutionProperties) = preSolution
		HideSolutionNode = FALSE
	EndGlobalSection
	GlobalSection(NestedProjects) = preSolution
		{2027E7F2-5234-4CDC-86F8-803562465805} = {D55C58FB-DCE7-4C88-B120-AA229E727499}
		{6FE0E62D-3E1D-4196-B866-3C4B357DF7F5} = {3BE4F039-8290-4BF8-963A-20B8D7EF01A3}
		{B4D9EF12-6CBC-4232-8723-5882D2D12A72} = {3BE4F039-8290-4BF8-963A-20B8D7EF01A3}
		{0C9F89A4-8469-472F-A32E-B82DD4C0C1CB} = {D55C58FB-DCE7-4C88-B120-AA229E727499}
		{5141CFFC-BB12-485D-A300-A57A8A72C1D1} = {D55C58FB-DCE7-4C88-B120-AA229E727499}
		{BA7229B8-9D48-4C5A-A22F-C5D0B1D097D1} = {5141CFFC-BB12-485D-A300-A57A8A72C1D1}
		{6DDBCD87-471C-4ABF-BBAA-082DC67950C1} = {5141CFFC-BB12-485D-A300-A57A8A72C1D1}
		{2C587DCF-1EA9-44B7-B408-FFFDE40A86A1} = {2027E7F2-5234-4CDC-86F8-803562465805}
		{C8CF3436-8157-4EE3-9BDC-4FF74685F010} = {0C9F89A4-8469-472F-A32E-B82DD4C0C1CB}
		{0BCD2220-12FC-4166-9C91-CCE21044038F} = {0C9F89A4-8469-472F-A32E-B82DD4C0C1CB}
		{FEDFE0CC-ED94-42B0-91CE-B212D669EBAD} = {5873D7D0-0D94-4AF0-826E-20DEED5B7010}
		{5C856B31-2F71-4F86-ADEB-EEFBEE5FCF80} = {962E47E7-9059-4B73-B937-362EF7E79D42}
		{750C19AB-A3AE-4C4D-A001-643F14E5EC7D} = {7F0A8EF2-FBF6-479E-82DA-29594B6DE6F9}
		{9785F555-6AB9-446C-985A-C33D65526EDF} = {2027E7F2-5234-4CDC-86F8-803562465805}
	EndGlobalSection
	GlobalSection(ExtensibilityGlobals) = postSolution
		SolutionGuid = {51F72096-1A97-4B01-8747-F0542394403C}
	EndGlobalSection
EndGlobal
