
Microsoft Visual Studio Solution File, Format Version 12.00
# Visual Studio 15
VisualStudioVersion = 15.0.28010.2016
MinimumVisualStudioVersion = 10.0.40219.1
Project("{2150E333-8FDC-42A3-9474-1A3956D46DE8}") = "TEST", "TEST", "{962E47E7-9059-4B73-B937-362EF7E79D42}"
EndProject
Project("{FAE04EC0-301F-11D3-BF4B-00C04F79EFBC}") = "EMS.Interfaces", "EmpManage.Interfaces\EMS.Interfaces.csproj", "{9F5A8BF3-3173-4A14-BDF5-430A7553CBFE}"
EndProject
Project("{FAE04EC0-301F-11D3-BF4B-00C04F79EFBC}") = "EMS.Logics", "EmpManage.BLL\EMS.Logics.csproj", "{3C9346C1-1081-4DBC-92EF-543F32D4F4DA}"
EndProject
Project("{FAE04EC0-301F-11D3-BF4B-00C04F79EFBC}") = "EMS.SQLServerDAL", "EmpManage.SQLServerDAL\EMS.SQLServerDAL.csproj", "{0ACE1839-C8B6-44AD-95B6-A076D67E7B3A}"
EndProject
Project("{FAE04EC0-301F-11D3-BF4B-00C04F79EFBC}") = "EMS.Models", "EmpManage.Models\EMS.Models.csproj", "{97A171D8-FF74-4CCD-AAEF-8988B5C4041E}"
EndProject
Project("{FAE04EC0-301F-11D3-BF4B-00C04F79EFBC}") = "EMS.UI", "EmpManage\EMS.UI.csproj", "{6A7C9568-5633-4DF0-8ABC-3D87ABA87947}"
EndProject
Project("{2150E333-8FDC-42A3-9474-1A3956D46DE8}") = "DAL", "DAL", "{95751912-46E3-4376-9021-276458DA2BC4}"
EndProject
Project("{FAE04EC0-301F-11D3-BF4B-00C04F79EFBC}") = "EMS.InMemoryDAL", "EMS.InMemoryDAL\EMS.InMemoryDAL.csproj", "{2E362295-3ACA-458E-A982-5BC63336691D}"
EndProject
Global
	GlobalSection(SolutionConfigurationPlatforms) = preSolution
		Debug|Any CPU = Debug|Any CPU
		Release|Any CPU = Release|Any CPU
	EndGlobalSection
	GlobalSection(ProjectConfigurationPlatforms) = postSolution
		{9F5A8BF3-3173-4A14-BDF5-430A7553CBFE}.Debug|Any CPU.ActiveCfg = Debug|Any CPU
		{9F5A8BF3-3173-4A14-BDF5-430A7553CBFE}.Debug|Any CPU.Build.0 = Debug|Any CPU
		{9F5A8BF3-3173-4A14-BDF5-430A7553CBFE}.Release|Any CPU.ActiveCfg = Release|Any CPU
		{9F5A8BF3-3173-4A14-BDF5-430A7553CBFE}.Release|Any CPU.Build.0 = Release|Any CPU
		{3C9346C1-1081-4DBC-92EF-543F32D4F4DA}.Debug|Any CPU.ActiveCfg = Debug|Any CPU
		{3C9346C1-1081-4DBC-92EF-543F32D4F4DA}.Debug|Any CPU.Build.0 = Debug|Any CPU
		{3C9346C1-1081-4DBC-92EF-543F32D4F4DA}.Release|Any CPU.ActiveCfg = Release|Any CPU
		{3C9346C1-1081-4DBC-92EF-543F32D4F4DA}.Release|Any CPU.Build.0 = Release|Any CPU
		{0ACE1839-C8B6-44AD-95B6-A076D67E7B3A}.Debug|Any CPU.ActiveCfg = Debug|Any CPU
		{0ACE1839-C8B6-44AD-95B6-A076D67E7B3A}.Debug|Any CPU.Build.0 = Debug|Any CPU
		{0ACE1839-C8B6-44AD-95B6-A076D67E7B3A}.Release|Any CPU.ActiveCfg = Release|Any CPU
		{0ACE1839-C8B6-44AD-95B6-A076D67E7B3A}.Release|Any CPU.Build.0 = Release|Any CPU
		{97A171D8-FF74-4CCD-AAEF-8988B5C4041E}.Debug|Any CPU.ActiveCfg = Debug|Any CPU
		{97A171D8-FF74-4CCD-AAEF-8988B5C4041E}.Debug|Any CPU.Build.0 = Debug|Any CPU
		{97A171D8-FF74-4CCD-AAEF-8988B5C4041E}.Release|Any CPU.ActiveCfg = Release|Any CPU
		{97A171D8-FF74-4CCD-AAEF-8988B5C4041E}.Release|Any CPU.Build.0 = Release|Any CPU
		{6A7C9568-5633-4DF0-8ABC-3D87ABA87947}.Debug|Any CPU.ActiveCfg = Debug|Any CPU
		{6A7C9568-5633-4DF0-8ABC-3D87ABA87947}.Debug|Any CPU.Build.0 = Debug|Any CPU
		{6A7C9568-5633-4DF0-8ABC-3D87ABA87947}.Release|Any CPU.ActiveCfg = Release|Any CPU
		{6A7C9568-5633-4DF0-8ABC-3D87ABA87947}.Release|Any CPU.Build.0 = Release|Any CPU
		{2E362295-3ACA-458E-A982-5BC63336691D}.Debug|Any CPU.ActiveCfg = Debug|Any CPU
		{2E362295-3ACA-458E-A982-5BC63336691D}.Debug|Any CPU.Build.0 = Debug|Any CPU
		{2E362295-3ACA-458E-A982-5BC63336691D}.Release|Any CPU.ActiveCfg = Release|Any CPU
		{2E362295-3ACA-458E-A982-5BC63336691D}.Release|Any CPU.Build.0 = Release|Any CPU
	EndGlobalSection
	GlobalSection(SolutionProperties) = preSolution
		HideSolutionNode = FALSE
	EndGlobalSection
	GlobalSection(NestedProjects) = preSolution
		{0ACE1839-C8B6-44AD-95B6-A076D67E7B3A} = {95751912-46E3-4376-9021-276458DA2BC4}
		{2E362295-3ACA-458E-A982-5BC63336691D} = {95751912-46E3-4376-9021-276458DA2BC4}
	EndGlobalSection
	GlobalSection(ExtensibilityGlobals) = postSolution
		SolutionGuid = {51F72096-1A97-4B01-8747-F0542394403C}
	EndGlobalSection
EndGlobal
